// !$*UTF8*$!
{
	archiveVersion = 1;
	classes = {
	};
	objectVersion = 46;
	objects = {

/* Begin PBXBuildFile section */
		6A62C8A61DCB5754007C2CFB /* main.cpp in Sources */ = {isa = PBXBuildFile; fileRef = 6A62C8A51DCB5754007C2CFB /* main.cpp */; };
		6A62C8B41DCB653D007C2CFB /* libleveldb.a in Frameworks */ = {isa = PBXBuildFile; fileRef = 6A62C8AD1DCB5ED4007C2CFB /* libleveldb.a */; };
/* End PBXBuildFile section */

/* Begin PBXCopyFilesBuildPhase section */
		6A62C8A01DCB5753007C2CFB /* CopyFiles */ = {
			isa = PBXCopyFilesBuildPhase;
			buildActionMask = 2147483647;
			dstPath = /usr/share/man/man1/;
			dstSubfolderSpec = 0;
			files = (
			);
			runOnlyForDeploymentPostprocessing = 1;
		};
/* End PBXCopyFilesBuildPhase section */

/* Begin PBXFileReference section */
		6A62C8A21DCB5754007C2CFB /* levedDB */ = {isa = PBXFileReference; explicitFileType = "compiled.mach-o.executable"; includeInIndex = 0; path = levedDB; sourceTree = BUILT_PRODUCTS_DIR; };
		6A62C8A51DCB5754007C2CFB /* main.cpp */ = {isa = PBXFileReference; lastKnownFileType = sourcecode.cpp.cpp; path = main.cpp; sourceTree = "<group>"; };
		6A62C8AD1DCB5ED4007C2CFB /* libleveldb.a */ = {isa = PBXFileReference; lastKnownFileType = archive.ar; name = libleveldb.a; path = ../../../../../usr/local/lib/libleveldb.a; sourceTree = "<group>"; };
		6A62C8B11DCB62DE007C2CFB /* libleveldb.1.18.dylib */ = {isa = PBXFileReference; lastKnownFileType = "compiled.mach-o.dylib"; name = libleveldb.1.18.dylib; path = ../../../../../usr/local/lib/libleveldb.1.18.dylib; sourceTree = "<group>"; };
/* End PBXFileReference section */

/* Begin PBXFrameworksBuildPhase section */
		6A62C89F1DCB5753007C2CFB /* Frameworks */ = {
			isa = PBXFrameworksBuildPhase;
			buildActionMask = 2147483647;
			files = (
				6A62C8B41DCB653D007C2CFB /* libleveldb.a in Frameworks */,
			);
			runOnlyForDeploymentPostprocessing = 0;
		};
/* End PBXFrameworksBuildPhase section */

/* Begin PBXGroup section */
		6A62C8991DCB5753007C2CFB = {
			isa = PBXGroup;
			children = (
				6A62C8A41DCB5754007C2CFB /* levedDB */,
				6A62C8A31DCB5754007C2CFB /* Products */,
				6A62C8AC1DCB5ED3007C2CFB /* Frameworks */,
			);
			sourceTree = "<group>";
		};
		6A62C8A31DCB5754007C2CFB /* Products */ = {
			isa = PBXGroup;
			children = (
				6A62C8A21DCB5754007C2CFB /* levedDB */,
			);
			name = Products;
			sourceTree = "<group>";
		};
		6A62C8A41DCB5754007C2CFB /* levedDB */ = {
			isa = PBXGroup;
			children = (
				6A62C8A51DCB5754007C2CFB /* main.cpp */,
			);
			path = levedDB;
			sourceTree = "<group>";
		};
		6A62C8AC1DCB5ED3007C2CFB /* Frameworks */ = {
			isa = PBXGroup;
			children = (
				6A62C8B11DCB62DE007C2CFB /* libleveldb.1.18.dylib */,
				6A62C8AD1DCB5ED4007C2CFB /* libleveldb.a */,
			);
			name = Frameworks;
			sourceTree = "<group>";
		};
/* End PBXGroup section */

/* Begin PBXNativeTarget section */
		6A62C8A11DCB5753007C2CFB /* levedDB */ = {
			isa = PBXNativeTarget;
			buildConfigurationList = 6A62C8A91DCB5754007C2CFB /* Build configuration list for PBXNativeTarget "levedDB" */;
			buildPhases = (
				6A62C89E1DCB5753007C2CFB /* Sources */,
				6A62C89F1DCB5753007C2CFB /* Frameworks */,
				6A62C8A01DCB5753007C2CFB /* CopyFiles */,
			);
			buildRules = (
			);
			dependencies = (
			);
			name = levedDB;
			productName = levedDB;
			productReference = 6A62C8A21DCB5754007C2CFB /* levedDB */;
			productType = "com.apple.product-type.tool";
		};
/* End PBXNativeTarget section */

/* Begin PBXProject section */
		6A62C89A1DCB5753007C2CFB /* Project object */ = {
			isa = PBXProject;
			attributes = {
				LastUpgradeCheck = 0810;
				ORGANIZATIONNAME = "Issac Shi";
				TargetAttributes = {
					6A62C8A11DCB5753007C2CFB = {
						CreatedOnToolsVersion = 8.1;
						ProvisioningStyle = Automatic;
					};
				};
			};
			buildConfigurationList = 6A62C89D1DCB5753007C2CFB /* Build configuration list for PBXProject "levedDB" */;
			compatibilityVersion = "Xcode 3.2";
			developmentRegion = English;
			hasScannedForEncodings = 0;
			knownRegions = (
				en,
			);
			mainGroup = 6A62C8991DCB5753007C2CFB;
			productRefGroup = 6A62C8A31DCB5754007C2CFB /* Products */;
			projectDirPath = "";
			projectRoot = "";
			targets = (
				6A62C8A11DCB5753007C2CFB /* levedDB */,
			);
		};
/* End PBXProject section */

/* Begin PBXSourcesBuildPhase section */
		6A62C89E1DCB5753007C2CFB /* Sources */ = {
			isa = PBXSourcesBuildPhase;
			buildActionMask = 2147483647;
			files = (
				6A62C8A61DCB5754007C2CFB /* main.cpp in Sources */,
			);
			runOnlyForDeploymentPostprocessing = 0;
		};
/* End PBXSourcesBuildPhase section */

/* Begin XCBuildConfiguration section */
		6A62C8A71DCB5754007C2CFB /* Debug */ = {
			isa = XCBuildConfiguration;
			buildSettings = {
				ALWAYS_SEARCH_USER_PATHS = NO;
				CLANG_ANALYZER_NONNULL = YES;
				CLANG_CXX_LANGUAGE_STANDARD = "gnu++0x";
				CLANG_CXX_LIBRARY = "libstdc++";
				CLANG_ENABLE_MODULES = YES;
				CLANG_ENABLE_OBJC_ARC = YES;
				CLANG_WARN_BOOL_CONVERSION = YES;
				CLANG_WARN_CONSTANT_CONVERSION = YES;
				CLANG_WARN_DIRECT_OBJC_ISA_USAGE = YES_ERROR;
				CLANG_WARN_DOCUMENTATION_COMMENTS = YES;
				CLANG_WARN_EMPTY_BODY = YES;
				CLANG_WARN_ENUM_CONVERSION = YES;
				CLANG_WARN_INFINITE_RECURSION = YES;
				CLANG_WARN_INT_CONVERSION = YES;
				CLANG_WARN_OBJC_ROOT_CLASS = YES_ERROR;
				CLANG_WARN_SUSPICIOUS_MOVES = YES;
				CLANG_WARN_UNREACHABLE_CODE = YES;
				CLANG_WARN__DUPLICATE_METHOD_MATCH = YES;
				CODE_SIGN_IDENTITY = "-";
				COPY_PHASE_STRIP = NO;
				DEBUG_INFORMATION_FORMAT = dwarf;
				ENABLE_STRICT_OBJC_MSGSEND = YES;
				ENABLE_TESTABILITY = YES;
				GCC_C_LANGUAGE_STANDARD = gnu99;
				GCC_DYNAMIC_NO_PIC = NO;
				GCC_NO_COMMON_BLOCKS = YES;
				GCC_OPTIMIZATION_LEVEL = 0;
				GCC_PREPROCESSOR_DEFINITIONS = (
					"DEBUG=1",
					"$(inherited)",
				);
				GCC_WARN_64_TO_32_BIT_CONVERSION = YES;
				GCC_WARN_ABOUT_RETURN_TYPE = YES_ERROR;
				GCC_WARN_UNDECLARED_SELECTOR = YES;
				GCC_WARN_UNINITIALIZED_AUTOS = YES_AGGRESSIVE;
				GCC_WARN_UNUSED_FUNCTION = YES;
				GCC_WARN_UNUSED_VARIABLE = YES;
				LIBRARY_SEARCH_PATHS = /usr/local/lib;
				MACOSX_DEPLOYMENT_TARGET = 10.12;
				MTL_ENABLE_DEBUG_INFO = YES;
				ONLY_ACTIVE_ARCH = YES;
				SDKROOT = macosx;
				USER_HEADER_SEARCH_PATHS = /usr/local/include;
			};
			name = Debug;
		};
		6A62C8A81DCB5754007C2CFB /* Release */ = {
			isa = XCBuildConfiguration;
			buildSettings = {
				ALWAYS_SEARCH_USER_PATHS = NO;
				CLANG_ANALYZER_NONNULL = YES;
				CLANG_CXX_LANGUAGE_STANDARD = "gnu++0x";
				CLANG_CXX_LIBRARY = "libstdc++";
				CLANG_ENABLE_MODULES = YES;
				CLANG_ENABLE_OBJC_ARC = YES;
				CLANG_WARN_BOOL_CONVERSION = YES;
				CLANG_WARN_CONSTANT_CONVERSION = YES;
				CLANG_WARN_DIRECT_OBJC_ISA_USAGE = YES_ERROR;
				CLANG_WARN_DOCUMENTATION_COMMENTS = YES;
				CLANG_WARN_EMPTY_BODY = YES;
				CLANG_WARN_ENUM_CONVERSION = YES;
				CLANG_WARN_INFINITE_RECURSION = YES;
				CLANG_WARN_INT_CONVERSION = YES;
				CLANG_WARN_OBJC_ROOT_CLASS = YES_ERROR;
				CLANG_WARN_SUSPICIOUS_MOVES = YES;
				CLANG_WARN_UNREACHABLE_CODE = YES;
				CLANG_WARN__DUPLICATE_METHOD_MATCH = YES;
				CODE_SIGN_IDENTITY = "-";
				COPY_PHASE_STRIP = NO;
				DEBUG_INFORMATION_FORMAT = "dwarf-with-dsym";
				ENABLE_NS_ASSERTIONS = NO;
				ENABLE_STRICT_OBJC_MSGSEND = YES;
				GCC_C_LANGUAGE_STANDARD = gnu99;
				GCC_NO_COMMON_BLOCKS = YES;
				GCC_WARN_64_TO_32_BIT_CONVERSION = YES;
				GCC_WARN_ABOUT_RETURN_TYPE = YES_ERROR;
				GCC_WARN_UNDECLARED_SELECTOR = YES;
				GCC_WARN_UNINITIALIZED_AUTOS = YES_AGGRESSIVE;
				GCC_WARN_UNUSED_FUNCTION = YES;
				GCC_WARN_UNUSED_VARIABLE = YES;
				LIBRARY_SEARCH_PATHS = /usr/local/lib;
				MACOSX_DEPLOYMENT_TARGET = 10.12;
				MTL_ENABLE_DEBUG_INFO = NO;
				SDKROOT = macosx;
				USER_HEADER_SEARCH_PATHS = /usr/local/include;
			};
			name = Release;
		};
		6A62C8AA1DCB5754007C2CFB /* Debug */ = {
			isa = XCBuildConfiguration;
			buildSettings = {
				CLANG_CXX_LIBRARY = "compiler-default";
				LIBRARY_SEARCH_PATHS = /usr/local/lib;
				PRODUCT_NAME = "$(TARGET_NAME)";
				USER_HEADER_SEARCH_PATHS = /usr/local/include;
			};
			name = Debug;
		};
		6A62C8AB1DCB5754007C2CFB /* Release */ = {
			isa = XCBuildConfiguration;
			buildSettings = {
				CLANG_CXX_LIBRARY = "compiler-default";
				LIBRARY_SEARCH_PATHS = /usr/local/lib;
				PRODUCT_NAME = "$(TARGET_NAME)";
				USER_HEADER_SEARCH_PATHS = /usr/local/include;
			};
			name = Release;
		};
/* End XCBuildConfiguration section */

/* Begin XCConfigurationList section */
		6A62C89D1DCB5753007C2CFB /* Build configuration list for PBXProject "levedDB" */ = {
			isa = XCConfigurationList;
			buildConfigurations = (
				6A62C8A71DCB5754007C2CFB /* Debug */,
				6A62C8A81DCB5754007C2CFB /* Release */,
			);
			defaultConfigurationIsVisible = 0;
			defaultConfigurationName = Release;
		};
		6A62C8A91DCB5754007C2CFB /* Build configuration list for PBXNativeTarget "levedDB" */ = {
			isa = XCConfigurationList;
			buildConfigurations = (
				6A62C8AA1DCB5754007C2CFB /* Debug */,
				6A62C8AB1DCB5754007C2CFB /* Release */,
			);
			defaultConfigurationIsVisible = 0;
			defaultConfigurationName = Release;
		};
/* End XCConfigurationList section */
	};
	rootObject = 6A62C89A1DCB5753007C2CFB /* Project object */;
}
